
Microsoft Visual Studio Solution File, Format Version 12.00
# Visual Studio 2015
Project("{FAE04EC0-301F-11D3-BF4B-00C04F79EFBC}") = "Run-n-Gun.CSharp.Plugins", "Run-n-Gun.CSharp.Plugins.csproj", "{8E5022F2-F036-7A52-FF8C-31696E4B127A}"
EndProject
Project("{FAE04EC0-301F-11D3-BF4B-00C04F79EFBC}") = "Run-n-Gun.CSharp", "Run-n-Gun.CSharp.csproj", "{226493D3-28E6-C695-2502-215143B00D90}"
EndProject
Project("{FAE04EC0-301F-11D3-BF4B-00C04F79EFBC}") = "Run-n-Gun.CSharp.Editor", "Run-n-Gun.CSharp.Editor.csproj", "{F34F7257-3738-C42F-0822-CE888E3F5120}"
EndProject
Global
	GlobalSection(SolutionConfigurationPlatforms) = preSolution
		Debug|Any CPU = Debug|Any CPU
		Release|Any CPU = Release|Any CPU
	EndGlobalSection
	GlobalSection(ProjectConfigurationPlatforms) = postSolution
		{8E5022F2-F036-7A52-FF8C-31696E4B127A}.Debug|Any CPU.ActiveCfg = Debug|Any CPU
		{8E5022F2-F036-7A52-FF8C-31696E4B127A}.Debug|Any CPU.Build.0 = Debug|Any CPU
		{8E5022F2-F036-7A52-FF8C-31696E4B127A}.Release|Any CPU.ActiveCfg = Release|Any CPU
		{8E5022F2-F036-7A52-FF8C-31696E4B127A}.Release|Any CPU.Build.0 = Release|Any CPU
		{226493D3-28E6-C695-2502-215143B00D90}.Debug|Any CPU.ActiveCfg = Debug|Any CPU
		{226493D3-28E6-C695-2502-215143B00D90}.Debug|Any CPU.Build.0 = Debug|Any CPU
		{226493D3-28E6-C695-2502-215143B00D90}.Release|Any CPU.ActiveCfg = Release|Any CPU
		{226493D3-28E6-C695-2502-215143B00D90}.Release|Any CPU.Build.0 = Release|Any CPU
		{F34F7257-3738-C42F-0822-CE888E3F5120}.Debug|Any CPU.ActiveCfg = Debug|Any CPU
		{F34F7257-3738-C42F-0822-CE888E3F5120}.Debug|Any CPU.Build.0 = Debug|Any CPU
		{F34F7257-3738-C42F-0822-CE888E3F5120}.Release|Any CPU.ActiveCfg = Release|Any CPU
		{F34F7257-3738-C42F-0822-CE888E3F5120}.Release|Any CPU.Build.0 = Release|Any CPU
	EndGlobalSection
	GlobalSection(SolutionProperties) = preSolution
		HideSolutionNode = FALSE
	EndGlobalSection
EndGlobal
